{
  "name": "openclaw-openmax",
  "version": "0.1.0",
  "lockfileVersion": 3,
  "requires": true,
  "packages": {
    "": {
      "name": "openclaw-openmax",
      "version": "0.1.0",
      "license": "MIT",
      "dependencies": {
        "@openmaxai/openmax-agent-sdk": "github:openmaxai/openmax-agent-sdk#7fc6949440df54aecc5a031ddbc96100e9cd25a2"
      }
    },
    "node_modules/@openmaxai/openmax-agent-sdk": {
      "version": "0.1.0-alpha.0",
      "resolved": "git+ssh://git@github.com/openmaxai/openmax-agent-sdk.git#7fc6949440df54aecc5a031ddbc96100e9cd25a2",
      "integrity": "sha512-E78ZcoxB3MdguDT5kPFzrtQG9uuLRX8JFRzbjhOogCttCvMUVy6sBDESsIAwTHIFC0grDOXLuUVIJO5V0+0GZA==",
      "license": "UNLICENSED",
      "dependencies": {
        "ws": "^8.21.0"
      },
      "engines": {
        "node": ">=20"
      }
    },
    "node_modules/ws": {
      "version": "8.21.1",
      "resolved": "https://registry.npmjs.org/ws/-/ws-8.21.1.tgz",
      "integrity": "sha512-+0NTnW77fFN/DjQi6k/Sq/Yvk4Sgajw7urW8V+asjXnRgDs9gyGkdb7EzgfhA4goXsRIZKE28fzIXBHEzhuiWw==",
      "license": "MIT",
      "engines": {
        "node": ">=10.0.0"
      },
      "peerDependencies": {
        "bufferutil": "^4.0.1",
        "utf-8-validate": ">=5.0.2"
      },
      "peerDependenciesMeta": {
        "bufferutil": {
          "optional": true
        },
        "utf-8-validate": {
          "optional": true
        }
      }
    }
  }
}
