{
  "name": "openclaw-openmax",
  "version": "0.1.0",
  "lockfileVersion": 3,
  "requires": true,
  "packages": {
    "": {
      "name": "openclaw-openmax",
      "version": "0.1.0",
      "license": "MIT",
      "dependencies": {
        "@openmaxai/openmax-agent-sdk": "0.1.0-alpha.0"
      }
    },
    "node_modules/@openmaxai/openmax-agent-sdk": {
      "version": "0.1.0-alpha.0",
      "resolved": "https://registry.npmjs.org/@openmaxai/openmax-agent-sdk/-/openmax-agent-sdk-0.1.0-alpha.0.tgz",
      "integrity": "sha512-8kaaubHqFG4dDc8XoKl3f7zoLF6pov8/TzCJ3jikogVAUqxOKJFCK5iNgGleeKIIqbQm9LFciB3v8jg5UzhRfg==",
      "license": "UNLICENSED",
      "dependencies": {
        "ws": "^8.21.0"
      },
      "engines": {
        "node": ">=20"
      }
    },
    "node_modules/ws": {
      "version": "8.21.1",
      "resolved": "https://registry.npmjs.org/ws/-/ws-8.21.1.tgz",
      "integrity": "sha512-+0NTnW77fFN/DjQi6k/Sq/Yvk4Sgajw7urW8V+asjXnRgDs9gyGkdb7EzgfhA4goXsRIZKE28fzIXBHEzhuiWw==",
      "license": "MIT",
      "engines": {
        "node": ">=10.0.0"
      },
      "peerDependencies": {
        "bufferutil": "^4.0.1",
        "utf-8-validate": ">=5.0.2"
      },
      "peerDependenciesMeta": {
        "bufferutil": {
          "optional": true
        },
        "utf-8-validate": {
          "optional": true
        }
      }
    }
  }
}
